
Microsoft Visual Studio Solution File, Format Version 12.00
# Visual Studio Version 16
VisualStudioVersion = 16.0.28803.352
MinimumVisualStudioVersion = 10.0.40219.1
Project("{FAE04EC0-301F-11D3-BF4B-00C04F79EFBC}") = "DNUGPBBot", "DNUGPBBot.csproj", "{87A72D44-F7CD-4392-AFA8-736D664CD639}"
EndProject
Global
	GlobalSection(SolutionConfigurationPlatforms) = preSolution
		Debug|Any CPU = Debug|Any CPU
		Release|Any CPU = Release|Any CPU
	EndGlobalSection
	GlobalSection(ProjectConfigurationPlatforms) = postSolution
		{87A72D44-F7CD-4392-AFA8-736D664CD639}.Debug|Any CPU.ActiveCfg = Debug|Any CPU
		{87A72D44-F7CD-4392-AFA8-736D664CD639}.Debug|Any CPU.Build.0 = Debug|Any CPU
		{87A72D44-F7CD-4392-AFA8-736D664CD639}.Release|Any CPU.ActiveCfg = Release|Any CPU
		{87A72D44-F7CD-4392-AFA8-736D664CD639}.Release|Any CPU.Build.0 = Release|Any CPU
	EndGlobalSection
	GlobalSection(SolutionProperties) = preSolution
		HideSolutionNode = FALSE
	EndGlobalSection
	GlobalSection(ExtensibilityGlobals) = postSolution
		SolutionGuid = {DECB5B2D-349D-4343-95BE-4668AE4718CE}
	EndGlobalSection
EndGlobal
